<?xml version="1.0" encoding="utf-8"?>
<Project ToolsVersion="4.0" xmlns="http://schemas.microsoft.com/developer/msbuild/2003">
  <ItemGroup>
    <Filter Include="Source Files">
      <UniqueIdentifier>{4FC737F1-C7A5-4376-A066-2A32D752A2FF}</UniqueIdentifier>
      <Extensions>cpp;c;cc;cxx;c++;cppm;ixx;def;odl;idl;hpj;bat;asm;asmx</Extensions>
    </Filter>
    <Filter Include="Header Files">
      <UniqueIdentifier>{93995380-89BD-4b04-88EB-625FBE52EBFB}</UniqueIdentifier>
      <Extensions>h;hh;hpp;hxx;h++;hm;inl;inc;ipp;xsd</Extensions>
    </Filter>
    <Filter Include="Resource Files">
      <UniqueIdentifier>{67DA6AB6-F800-4c08-8B7A-83BB121AAD01}</UniqueIdentifier>
      <Extensions>rc;ico;cur;bmp;dlg;rc2;rct;bin;rgs;gif;jpg;jpeg;jpe;resx;tiff;tif;png;wav;mfcribbon-ms</Extensions>
    </Filter>
    <Filter Include="Source Files\00.GameManager">
      <UniqueIdentifier>{361f1fc7-61b8-4ec6-9a23-ccc5afab53fe}</UniqueIdentifier>
    </Filter>
    <Filter Include="Source Files\01.Scene">
      <UniqueIdentifier>{b422b99f-ed3e-4a40-95a1-066fab406f98}</UniqueIdentifier>
    </Filter>
    <Filter Include="Source Files\01.Scene\00.Logo">
      <UniqueIdentifier>{0f4f3d39-e527-4fb2-a7a4-2554a185562d}</UniqueIdentifier>
    </Filter>
    <Filter Include="Source Files\01.Scene\01.Menu">
      <UniqueIdentifier>{cf6d5871-32dd-4366-aff6-d55a7b3f7489}</UniqueIdentifier>
    </Filter>
    <Filter Include="Source Files\01.Scene\02.Stage">
      <UniqueIdentifier>{11d877fb-4549-4d3b-9f55-90a3409a9c6f}</UniqueIdentifier>
    </Filter>
    <Filter Include="Source Files\00.GameManager\00.SceneManager">
      <UniqueIdentifier>{4f05fabd-9d24-4add-b6f2-02d2e7ec56d0}</UniqueIdentifier>
    </Filter>
    <Filter Include="Source Files\00.GameManager\01.WindowController">
      <UniqueIdentifier>{4a6f1032-8640-4a3c-a64e-fcb8ff5d7827}</UniqueIdentifier>
    </Filter>
    <Filter Include="Source Files\02.Obj">
      <UniqueIdentifier>{a9cf7c1c-27ce-4397-9848-1aec335c1ab5}</UniqueIdentifier>
    </Filter>
    <Filter Include="Source Files\02.Obj\00.Player">
      <UniqueIdentifier>{f24be1dd-99ce-45ad-9c24-c8a3c3ac63bd}</UniqueIdentifier>
    </Filter>
    <Filter Include="Source Files\02.Obj\01.Enemy">
      <UniqueIdentifier>{8c221ee5-c239-4f90-8a19-823a5e8b933f}</UniqueIdentifier>
    </Filter>
    <Filter Include="Source Files\02.Obj\02.NPC">
      <UniqueIdentifier>{6985e896-8fa3-4fc3-bc38-6d3f3cdf1e5e}</UniqueIdentifier>
    </Filter>
  </ItemGroup>
  <ItemGroup>
    <ClInclude Include="Include.h">
      <Filter>Header Files</Filter>
    </ClInclude>
    <ClInclude Include="Scene.h">
      <Filter>Source Files\01.Scene</Filter>
    </ClInclude>
    <ClInclude Include="Logo.h">
      <Filter>Source Files\01.Scene\00.Logo</Filter>
    </ClInclude>
    <ClInclude Include="Menu.h">
      <Filter>Source Files\01.Scene\01.Menu</Filter>
    </ClInclude>
    <ClInclude Include="Stage.h">
      <Filter>Source Files\01.Scene\02.Stage</Filter>
    </ClInclude>
    <ClInclude Include="SceneManager.h">
      <Filter>Source Files\00.GameManager\00.SceneManager</Filter>
    </ClInclude>
    <ClInclude Include="WindowController.h">
      <Filter>Source Files\00.GameManager\01.WindowController</Filter>
    </ClInclude>
    <ClInclude Include="Obj.h">
      <Filter>Source Files\02.Obj</Filter>
    </ClInclude>
    <ClInclude Include="Player.h">
      <Filter>Source Files\02.Obj\00.Player</Filter>
    </ClInclude>
  </ItemGroup>
  <ItemGroup>
    <ClCompile Include="Scene.cpp">
      <Filter>Source Files\01.Scene</Filter>
    </ClCompile>
    <ClCompile Include="Logo.cpp">
      <Filter>Source Files\01.Scene\00.Logo</Filter>
    </ClCompile>
    <ClCompile Include="Menu.cpp">
      <Filter>Source Files\01.Scene\01.Menu</Filter>
    </ClCompile>
    <ClCompile Include="Stage.cpp">
      <Filter>Source Files\01.Scene\02.Stage</Filter>
    </ClCompile>
    <ClCompile Include="CMain.cpp">
      <Filter>Source Files</Filter>
    </ClCompile>
    <ClCompile Include="SceneManager.cpp">
      <Filter>Source Files\00.GameManager\00.SceneManager</Filter>
    </ClCompile>
    <ClCompile Include="WindowController.cpp">
      <Filter>Source Files\00.GameManager\01.WindowController</Filter>
    </ClCompile>
    <ClCompile Include="Obj.cpp">
      <Filter>Source Files\02.Obj</Filter>
    </ClCompile>
    <ClCompile Include="Player.cpp">
      <Filter>Source Files\02.Obj\00.Player</Filter>
    </ClCompile>
  </ItemGroup>
</Project>